<?xml version="1.0" encoding="utf-8"?>
<Project ToolsVersion="4.0" xmlns="http://schemas.microsoft.com/developer/msbuild/2003">
  <ItemGroup>
    <Filter Include="소스 파일">
      <UniqueIdentifier>{4FC737F1-C7A5-4376-A066-2A32D752A2FF}</UniqueIdentifier>
      <Extensions>cpp;c;cc;cxx;c++;cppm;ixx;def;odl;idl;hpj;bat;asm;asmx</Extensions>
    </Filter>
    <Filter Include="헤더 파일">
      <UniqueIdentifier>{93995380-89BD-4b04-88EB-625FBE52EBFB}</UniqueIdentifier>
      <Extensions>h;hh;hpp;hxx;h++;hm;inl;inc;ipp;xsd</Extensions>
    </Filter>
    <Filter Include="리소스 파일">
      <UniqueIdentifier>{67DA6AB6-F800-4c08-8B7A-83BB121AAD01}</UniqueIdentifier>
      <Extensions>rc;ico;cur;bmp;dlg;rc2;rct;bin;rgs;gif;jpg;jpeg;jpe;resx;tiff;tif;png;wav;mfcribbon-ms</Extensions>
    </Filter>
    <Filter Include="Engine">
      <UniqueIdentifier>{91fc4960-7dfd-4f91-bd3c-6078bec1871b}</UniqueIdentifier>
    </Filter>
    <Filter Include="Engine\Core">
      <UniqueIdentifier>{480770f3-46bd-4cfc-9226-11a2452be797}</UniqueIdentifier>
    </Filter>
    <Filter Include="Util">
      <UniqueIdentifier>{2379f06a-509f-4ec7-b00b-84204f55320b}</UniqueIdentifier>
    </Filter>
    <Filter Include="Engine\Object">
      <UniqueIdentifier>{c705457b-d20a-4617-9345-33a1317e67a4}</UniqueIdentifier>
    </Filter>
    <Filter Include="Engine\Scene">
      <UniqueIdentifier>{1e3490ef-2e9e-4c53-a054-965dd4f84514}</UniqueIdentifier>
    </Filter>
    <Filter Include="Engine\Manager">
      <UniqueIdentifier>{d29bb183-85c1-4a92-8213-e8ca01981481}</UniqueIdentifier>
    </Filter>
    <Filter Include="Engine\Manager\KeyManager">
      <UniqueIdentifier>{75a3d251-1181-4c65-940f-0960cbfd8653}</UniqueIdentifier>
    </Filter>
    <Filter Include="Engine\Manager\SceneManager">
      <UniqueIdentifier>{91d59a36-6f85-43b4-9050-e9e00f10a306}</UniqueIdentifier>
    </Filter>
    <Filter Include="Engine\Manager\TimeManager">
      <UniqueIdentifier>{13ce11a4-4a68-4534-990a-1d6ed230e499}</UniqueIdentifier>
    </Filter>
    <Filter Include="Engine\Scene\SCENE_START">
      <UniqueIdentifier>{70fd3c74-bcc1-4321-b725-e170a7248555}</UniqueIdentifier>
    </Filter>
    <Filter Include="Engine\Scene\SCENE_TOOL">
      <UniqueIdentifier>{6bd42553-f792-4c47-be3a-efbad825b704}</UniqueIdentifier>
    </Filter>
  </ItemGroup>
  <ItemGroup>
    <ClInclude Include="targetver.h">
      <Filter>헤더 파일</Filter>
    </ClInclude>
    <ClInclude Include="Resource.h">
      <Filter>헤더 파일</Filter>
    </ClInclude>
    <ClInclude Include="winmain.h">
      <Filter>헤더 파일</Filter>
    </ClInclude>
    <ClInclude Include="pch.h">
      <Filter>헤더 파일</Filter>
    </ClInclude>
    <ClInclude Include="framework.h">
      <Filter>헤더 파일</Filter>
    </ClInclude>
    <ClInclude Include="CCore.h">
      <Filter>Engine\Core</Filter>
    </ClInclude>
    <ClInclude Include="CSingleton.h">
      <Filter>Util</Filter>
    </ClInclude>
    <ClInclude Include="Logger.h">
      <Filter>Util</Filter>
    </ClInclude>
    <ClInclude Include="struct.h">
      <Filter>Util</Filter>
    </ClInclude>
    <ClInclude Include="CTimeManager.h">
      <Filter>Engine\Manager\TimeManager</Filter>
    </ClInclude>
    <ClInclude Include="CObject.h">
      <Filter>Engine\Object</Filter>
    </ClInclude>
    <ClInclude Include="CKeyManager.h">
      <Filter>Engine\Manager\KeyManager</Filter>
    </ClInclude>
    <ClInclude Include="CScene.h">
      <Filter>Engine\Scene</Filter>
    </ClInclude>
    <ClInclude Include="CSceneManager.h">
      <Filter>Engine\Manager\SceneManager</Filter>
    </ClInclude>
    <ClInclude Include="CScene_Start.h">
      <Filter>Engine\Scene\SCENE_START</Filter>
    </ClInclude>
  </ItemGroup>
  <ItemGroup>
    <ClCompile Include="winmain.cpp">
      <Filter>소스 파일</Filter>
    </ClCompile>
    <ClCompile Include="CCore.cpp">
      <Filter>Engine\Core</Filter>
    </ClCompile>
    <ClCompile Include="CTimeManager.cpp">
      <Filter>Engine\Manager\TimeManager</Filter>
    </ClCompile>
    <ClCompile Include="CObject.cpp">
      <Filter>Engine\Object</Filter>
    </ClCompile>
    <ClCompile Include="CKeyManager.cpp">
      <Filter>Engine\Manager\KeyManager</Filter>
    </ClCompile>
    <ClCompile Include="CScene.cpp">
      <Filter>Engine\Scene</Filter>
    </ClCompile>
    <ClCompile Include="CSceneManager.cpp">
      <Filter>Engine\Manager\SceneManager</Filter>
    </ClCompile>
    <ClCompile Include="CScene_Start.cpp">
      <Filter>Engine\Scene\SCENE_START</Filter>
    </ClCompile>
  </ItemGroup>
  <ItemGroup>
    <ResourceCompile Include="WinAPI_2D_Game_01.rc">
      <Filter>리소스 파일</Filter>
    </ResourceCompile>
  </ItemGroup>
  <ItemGroup>
    <Image Include="small.ico">
      <Filter>리소스 파일</Filter>
    </Image>
    <Image Include="WinAPI_2D_Game_01.ico">
      <Filter>리소스 파일</Filter>
    </Image>
  </ItemGroup>
</Project>