<?xml version="1.0" encoding="utf-8"?>
<Project ToolsVersion="4.0" xmlns="http://schemas.microsoft.com/developer/msbuild/2003">
  <ItemGroup>
    <Filter Include="Engine">
      <UniqueIdentifier>{91fc4960-7dfd-4f91-bd3c-6078bec1871b}</UniqueIdentifier>
    </Filter>
    <Filter Include="Util">
      <UniqueIdentifier>{2379f06a-509f-4ec7-b00b-84204f55320b}</UniqueIdentifier>
    </Filter>
    <Filter Include="Engine\Manager">
      <UniqueIdentifier>{50d7facb-1371-4fe5-8b95-3babf740c317}</UniqueIdentifier>
    </Filter>
    <Filter Include="Things">
      <UniqueIdentifier>{6b4e1b16-a99b-4572-95dd-34a4f70f908c}</UniqueIdentifier>
    </Filter>
    <Filter Include="Things\Object">
      <UniqueIdentifier>{48fe6f42-0884-4e1c-8a37-4b7ea9fb97a1}</UniqueIdentifier>
    </Filter>
    <Filter Include="Things\Scene">
      <UniqueIdentifier>{9f141b11-b155-4078-a1c8-c2f8d0358be4}</UniqueIdentifier>
    </Filter>
    <Filter Include="Things\Scene\scene_start">
      <UniqueIdentifier>{53c563da-0d91-405b-b2b7-469b5c31dc16}</UniqueIdentifier>
    </Filter>
    <Filter Include="Things\Resource">
      <UniqueIdentifier>{c2b26f23-4048-4683-9a28-2bd16bbc7a94}</UniqueIdentifier>
    </Filter>
    <Filter Include="Things\Resource\Texture">
      <UniqueIdentifier>{3a9686b8-698d-42bc-a551-bb158759ef20}</UniqueIdentifier>
    </Filter>
    <Filter Include="Things\Resource\Sound">
      <UniqueIdentifier>{6a7bfa36-2ea9-4aa1-86f7-a3f0f870c4f8}</UniqueIdentifier>
    </Filter>
    <Filter Include="Default">
      <UniqueIdentifier>{8634badd-66d4-43b8-8b4c-b9e4106ce21d}</UniqueIdentifier>
    </Filter>
    <Filter Include="Default\Header">
      <UniqueIdentifier>{69729902-259a-4415-bcd2-175fac5f7608}</UniqueIdentifier>
    </Filter>
    <Filter Include="Default\리소스 파일">
      <UniqueIdentifier>{67DA6AB6-F800-4c08-8B7A-83BB121AAD01}</UniqueIdentifier>
      <Extensions>rc;ico;cur;bmp;dlg;rc2;rct;bin;rgs;gif;jpg;jpeg;jpe;resx;tiff;tif;png;wav;mfcribbon-ms</Extensions>
    </Filter>
    <Filter Include="Engine\Core">
      <UniqueIdentifier>{480770f3-46bd-4cfc-9226-11a2452be797}</UniqueIdentifier>
    </Filter>
    <Filter Include="Engine\Manager\TimeManager">
      <UniqueIdentifier>{13ce11a4-4a68-4534-990a-1d6ed230e499}</UniqueIdentifier>
    </Filter>
    <Filter Include="Engine\Manager\SceneManager">
      <UniqueIdentifier>{f12928e1-287f-4652-ae60-180bb329c6fb}</UniqueIdentifier>
    </Filter>
    <Filter Include="Engine\Manager\ResourceManager">
      <UniqueIdentifier>{4ced7329-1dd5-45dc-8e7c-c4239cd32f41}</UniqueIdentifier>
    </Filter>
    <Filter Include="Engine\Manager\PathManager">
      <UniqueIdentifier>{aeebdc74-07d3-4328-86dc-e16785a95c79}</UniqueIdentifier>
    </Filter>
    <Filter Include="Engine\Manager\KeyManager">
      <UniqueIdentifier>{d8893df5-6ff4-4236-8e82-2c15f3a041c1}</UniqueIdentifier>
    </Filter>
    <Filter Include="Engine\Manager\CollisionManager">
      <UniqueIdentifier>{b3eaa898-d74c-4c90-bd02-a1dd191cf7bd}</UniqueIdentifier>
    </Filter>
    <Filter Include="Engine\Manager\EventManager">
      <UniqueIdentifier>{59332155-db5a-495d-95db-cba8ccc3d63a}</UniqueIdentifier>
    </Filter>
    <Filter Include="Engine\Component">
      <UniqueIdentifier>{97d11fc3-e1e2-4828-bea9-07393e70fc44}</UniqueIdentifier>
    </Filter>
    <Filter Include="Engine\Component\Collider">
      <UniqueIdentifier>{6b706f31-70c3-4ac2-87d5-1cc73e9ce739}</UniqueIdentifier>
    </Filter>
    <Filter Include="Engine\Manager\CameraManager">
      <UniqueIdentifier>{eaf0aec1-824c-4599-acb7-d12eb16ea2a7}</UniqueIdentifier>
    </Filter>
    <Filter Include="Engine\Component\Animator">
      <UniqueIdentifier>{b742d7e3-3334-4d54-b6c5-3f97c3cf5abd}</UniqueIdentifier>
    </Filter>
    <Filter Include="Engine\Component\Animator\Animation">
      <UniqueIdentifier>{3a66d8a0-db21-4cbd-81b6-45fce8e4793b}</UniqueIdentifier>
    </Filter>
    <Filter Include="Things\Object\Tile">
      <UniqueIdentifier>{a060bedf-7a3e-4b2a-a159-d3a45f186a77}</UniqueIdentifier>
    </Filter>
    <Filter Include="Things\Scene\scene_tool">
      <UniqueIdentifier>{8e8725e5-6fbd-4668-b7be-cc714f9f0724}</UniqueIdentifier>
    </Filter>
    <Filter Include="Things\Object\UI">
      <UniqueIdentifier>{195b55ce-53ee-4503-b952-af81640c7611}</UniqueIdentifier>
    </Filter>
    <Filter Include="Engine\Manager\UIManager">
      <UniqueIdentifier>{80644c79-2d48-41d1-aca0-c421d98d8239}</UniqueIdentifier>
    </Filter>
    <Filter Include="Engine\Manager\SoundManager">
      <UniqueIdentifier>{c1e56a2d-ea1c-4043-951b-505d6ab05646}</UniqueIdentifier>
    </Filter>
    <Filter Include="Things\Object\BackGround">
      <UniqueIdentifier>{04adbb46-1fed-4eec-973d-04c72abcc73a}</UniqueIdentifier>
    </Filter>
    <Filter Include="Things\Object\Player">
      <UniqueIdentifier>{382d123c-c7d8-40c5-8483-6ef2a481be93}</UniqueIdentifier>
    </Filter>
  </ItemGroup>
  <ItemGroup>
    <ClInclude Include="CCore.h">
      <Filter>Engine\Core</Filter>
    </ClInclude>
    <ClInclude Include="CSingleton.h">
      <Filter>Util</Filter>
    </ClInclude>
    <ClInclude Include="Logger.h">
      <Filter>Util</Filter>
    </ClInclude>
    <ClInclude Include="struct.h">
      <Filter>Util</Filter>
    </ClInclude>
    <ClInclude Include="CTimeManager.h">
      <Filter>Engine\Manager\TimeManager</Filter>
    </ClInclude>
    <ClInclude Include="CKeyManager.h">
      <Filter>Engine\Manager\KeyManager</Filter>
    </ClInclude>
    <ClInclude Include="CGameObject.h">
      <Filter>Things\Object</Filter>
    </ClInclude>
    <ClInclude Include="CScene.h">
      <Filter>Things\Scene</Filter>
    </ClInclude>
    <ClInclude Include="CSceneManager.h">
      <Filter>Engine\Manager\SceneManager</Filter>
    </ClInclude>
    <ClInclude Include="CScene_Start.h">
      <Filter>Things\Scene\scene_start</Filter>
    </ClInclude>
    <ClInclude Include="pch.h" />
    <ClInclude Include="CResource.h">
      <Filter>Things\Resource</Filter>
    </ClInclude>
    <ClInclude Include="CTexture.h">
      <Filter>Things\Resource\Texture</Filter>
    </ClInclude>
    <ClInclude Include="CPathManager.h">
      <Filter>Engine\Manager\PathManager</Filter>
    </ClInclude>
    <ClInclude Include="CResourceManager.h">
      <Filter>Engine\Manager\ResourceManager</Filter>
    </ClInclude>
    <ClInclude Include="framework.h">
      <Filter>Default\Header</Filter>
    </ClInclude>
    <ClInclude Include="Resource.h">
      <Filter>Default\Header</Filter>
    </ClInclude>
    <ClInclude Include="targetver.h">
      <Filter>Default\Header</Filter>
    </ClInclude>
    <ClInclude Include="winmain.h">
      <Filter>Default\Header</Filter>
    </ClInclude>
    <ClInclude Include="CCollisionManager.h">
      <Filter>Engine\Manager\CollisionManager</Filter>
    </ClInclude>
    <ClInclude Include="CCollider.h">
      <Filter>Engine\Component\Collider</Filter>
    </ClInclude>
    <ClInclude Include="SelectGDI.h">
      <Filter>Util</Filter>
    </ClInclude>
    <ClInclude Include="CEventManager.h">
      <Filter>Engine\Manager\EventManager</Filter>
    </ClInclude>
    <ClInclude Include="CCameraManager.h">
      <Filter>Engine\Manager\CameraManager</Filter>
    </ClInclude>
    <ClInclude Include="CAnimator.h">
      <Filter>Engine\Component\Animator</Filter>
    </ClInclude>
    <ClInclude Include="CAnimation.h">
      <Filter>Engine\Component\Animator\Animation</Filter>
    </ClInclude>
    <ClInclude Include="CTile.h">
      <Filter>Things\Object\Tile</Filter>
    </ClInclude>
    <ClInclude Include="CScene_Tool.h">
      <Filter>Things\Scene\scene_tool</Filter>
    </ClInclude>
    <ClInclude Include="CUI.h">
      <Filter>Things\Object\UI</Filter>
    </ClInclude>
    <ClInclude Include="CUIManager.h">
      <Filter>Engine\Manager\UIManager</Filter>
    </ClInclude>
    <ClInclude Include="CButtonUI.h">
      <Filter>Things\Object\UI</Filter>
    </ClInclude>
    <ClInclude Include="CPanelUI.h">
      <Filter>Things\Object\UI</Filter>
    </ClInclude>
    <ClInclude Include="CSound.h">
      <Filter>Things\Resource\Sound</Filter>
    </ClInclude>
    <ClInclude Include="CSoundManager.h">
      <Filter>Engine\Manager\SoundManager</Filter>
    </ClInclude>
    <ClInclude Include="CBG1.h">
      <Filter>Things\Object\BackGround</Filter>
    </ClInclude>
    <ClInclude Include="CLou.h">
      <Filter>Things\Object\Player</Filter>
    </ClInclude>
  </ItemGroup>
  <ItemGroup>
    <ClCompile Include="CCore.cpp">
      <Filter>Engine\Core</Filter>
    </ClCompile>
    <ClCompile Include="CTimeManager.cpp">
      <Filter>Engine\Manager\TimeManager</Filter>
    </ClCompile>
    <ClCompile Include="CKeyManager.cpp">
      <Filter>Engine\Manager\KeyManager</Filter>
    </ClCompile>
    <ClCompile Include="CGameObject.cpp">
      <Filter>Things\Object</Filter>
    </ClCompile>
    <ClCompile Include="CScene.cpp">
      <Filter>Things\Scene</Filter>
    </ClCompile>
    <ClCompile Include="CSceneManager.cpp">
      <Filter>Engine\Manager\SceneManager</Filter>
    </ClCompile>
    <ClCompile Include="CScene_Start.cpp">
      <Filter>Things\Scene\scene_start</Filter>
    </ClCompile>
    <ClCompile Include="CResource.cpp">
      <Filter>Things\Resource</Filter>
    </ClCompile>
    <ClCompile Include="CTexture.cpp">
      <Filter>Things\Resource\Texture</Filter>
    </ClCompile>
    <ClCompile Include="CPathManager.cpp">
      <Filter>Engine\Manager\PathManager</Filter>
    </ClCompile>
    <ClCompile Include="CResourceManager.cpp">
      <Filter>Engine\Manager\ResourceManager</Filter>
    </ClCompile>
    <ClCompile Include="winmain.cpp" />
    <ClCompile Include="CCollisionManager.cpp">
      <Filter>Engine\Manager\CollisionManager</Filter>
    </ClCompile>
    <ClCompile Include="CCollider.cpp">
      <Filter>Engine\Component\Collider</Filter>
    </ClCompile>
    <ClCompile Include="SelectGDI.cpp">
      <Filter>Util</Filter>
    </ClCompile>
    <ClCompile Include="CEventManager.cpp">
      <Filter>Engine\Manager\EventManager</Filter>
    </ClCompile>
    <ClCompile Include="CCameraManager.cpp">
      <Filter>Engine\Manager\CameraManager</Filter>
    </ClCompile>
    <ClCompile Include="CAnimator.cpp">
      <Filter>Engine\Component\Animator</Filter>
    </ClCompile>
    <ClCompile Include="CAnimation.cpp">
      <Filter>Engine\Component\Animator\Animation</Filter>
    </ClCompile>
    <ClCompile Include="CTile.cpp">
      <Filter>Things\Object\Tile</Filter>
    </ClCompile>
    <ClCompile Include="CScene_Tool.cpp">
      <Filter>Things\Scene\scene_tool</Filter>
    </ClCompile>
    <ClCompile Include="CUI.cpp">
      <Filter>Things\Object\UI</Filter>
    </ClCompile>
    <ClCompile Include="CUIManager.cpp">
      <Filter>Engine\Manager\UIManager</Filter>
    </ClCompile>
    <ClCompile Include="CButtonUI.cpp">
      <Filter>Things\Object\UI</Filter>
    </ClCompile>
    <ClCompile Include="CPanelUI.cpp">
      <Filter>Things\Object\UI</Filter>
    </ClCompile>
    <ClCompile Include="CSound.cpp">
      <Filter>Things\Resource\Sound</Filter>
    </ClCompile>
    <ClCompile Include="CSoundManager.cpp">
      <Filter>Engine\Manager\SoundManager</Filter>
    </ClCompile>
    <ClCompile Include="CBG1.cpp">
      <Filter>Things\Object\BackGround</Filter>
    </ClCompile>
    <ClCompile Include="CLou.cpp">
      <Filter>Things\Object\Player</Filter>
    </ClCompile>
  </ItemGroup>
  <ItemGroup>
    <ResourceCompile Include="WinAPI_2D_Game_01.rc">
      <Filter>Default\리소스 파일</Filter>
    </ResourceCompile>
  </ItemGroup>
  <ItemGroup>
    <Image Include="small.ico">
      <Filter>Default\리소스 파일</Filter>
    </Image>
    <Image Include="WinAPI_2D_Game_01.ico">
      <Filter>Default\리소스 파일</Filter>
    </Image>
  </ItemGroup>
  <ItemGroup>
    <None Include="cpp.hint" />
    <None Include="ClassDiagram.cd" />
  </ItemGroup>
</Project>